// !$*UTF8*$!
{
	archiveVersion = 1;
	classes = {
	};
	objectVersion = 48;
	objects = {

/* Begin PBXBuildFile section */
		4FCCABDA1F8F1B58003F9712 /* AppDelegate.swift in Sources */ = {isa = PBXBuildFile; fileRef = 4FCCABD91F8F1B58003F9712 /* AppDelegate.swift */; };
		4FCCABDC1F8F1B58003F9712 /* ViewController.swift in Sources */ = {isa = PBXBuildFile; fileRef = 4FCCABDB1F8F1B58003F9712 /* ViewController.swift */; };
		4FCCABDF1F8F1B58003F9712 /* Main.storyboard in Resources */ = {isa = PBXBuildFile; fileRef = 4FCCABDD1F8F1B58003F9712 /* Main.storyboard */; };
		4FCCABE11F8F1B58003F9712 /* Assets.xcassets in Resources */ = {isa = PBXBuildFile; fileRef = 4FCCABE01F8F1B58003F9712 /* Assets.xcassets */; };
		4FCCABE41F8F1B58003F9712 /* LaunchScreen.storyboard in Resources */ = {isa = PBXBuildFile; fileRef = 4FCCABE21F8F1B58003F9712 /* LaunchScreen.storyboard */; };
		4FCCABEF1F8F1B59003F9712 /* RealmDemoTests.swift in Sources */ = {isa = PBXBuildFile; fileRef = 4FCCABEE1F8F1B59003F9712 /* RealmDemoTests.swift */; };
		4FCCABFA1F8F1B59003F9712 /* RealmDemoUITests.swift in Sources */ = {isa = PBXBuildFile; fileRef = 4FCCABF91F8F1B59003F9712 /* RealmDemoUITests.swift */; };
/* End PBXBuildFile section */

/* Begin PBXContainerItemProxy section */
		4FCCABEB1F8F1B59003F9712 /* PBXContainerItemProxy */ = {
			isa = PBXContainerItemProxy;
			containerPortal = 4FCCABCE1F8F1B58003F9712 /* Project object */;
			proxyType = 1;
			remoteGlobalIDString = 4FCCABD51F8F1B58003F9712;
			remoteInfo = RealmDemo;
		};
		4FCCABF61F8F1B59003F9712 /* PBXContainerItemProxy */ = {
			isa = PBXContainerItemProxy;
			containerPortal = 4FCCABCE1F8F1B58003F9712 /* Project object */;
			proxyType = 1;
			remoteGlobalIDString = 4FCCABD51F8F1B58003F9712;
			remoteInfo = RealmDemo;
		};
/* End PBXContainerItemProxy section */

/* Begin PBXFileReference section */
		4FCCABD61F8F1B58003F9712 /* RealmDemo.app */ = {isa = PBXFileReference; explicitFileType = wrapper.application; includeInIndex = 0; path = RealmDemo.app; sourceTree = BUILT_PRODUCTS_DIR; };
		4FCCABD91F8F1B58003F9712 /* AppDelegate.swift */ = {isa = PBXFileReference; lastKnownFileType = sourcecode.swift; path = AppDelegate.swift; sourceTree = "<group>"; };
		4FCCABDB1F8F1B58003F9712 /* ViewController.swift */ = {isa = PBXFileReference; lastKnownFileType = sourcecode.swift; path = ViewController.swift; sourceTree = "<group>"; };
		4FCCABDE1F8F1B58003F9712 /* Base */ = {isa = PBXFileReference; lastKnownFileType = file.storyboard; name = Base; path = Base.lproj/Main.storyboard; sourceTree = "<group>"; };
		4FCCABE01F8F1B58003F9712 /* Assets.xcassets */ = {isa = PBXFileReference; lastKnownFileType = folder.assetcatalog; path = Assets.xcassets; sourceTree = "<group>"; };
		4FCCABE31F8F1B58003F9712 /* Base */ = {isa = PBXFileReference; lastKnownFileType = file.storyboard; name = Base; path = Base.lproj/LaunchScreen.storyboard; sourceTree = "<group>"; };
		4FCCABE51F8F1B58003F9712 /* Info.plist */ = {isa = PBXFileReference; lastKnownFileType = text.plist.xml; path = Info.plist; sourceTree = "<group>"; };
		4FCCABEA1F8F1B59003F9712 /* RealmDemoTests.xctest */ = {isa = PBXFileReference; explicitFileType = wrapper.cfbundle; includeInIndex = 0; path = RealmDemoTests.xctest; sourceTree = BUILT_PRODUCTS_DIR; };
		4FCCABEE1F8F1B59003F9712 /* RealmDemoTests.swift */ = {isa = PBXFileReference; lastKnownFileType = sourcecode.swift; path = RealmDemoTests.swift; sourceTree = "<group>"; };
		4FCCABF01F8F1B59003F9712 /* Info.plist */ = {isa = PBXFileReference; lastKnownFileType = text.plist.xml; path = Info.plist; sourceTree = "<group>"; };
		4FCCABF51F8F1B59003F9712 /* RealmDemoUITests.xctest */ = {isa = PBXFileReference; explicitFileType = wrapper.cfbundle; includeInIndex = 0; path = RealmDemoUITests.xctest; sourceTree = BUILT_PRODUCTS_DIR; };
		4FCCABF91F8F1B59003F9712 /* RealmDemoUITests.swift */ = {isa = PBXFileReference; lastKnownFileType = sourcecode.swift; path = RealmDemoUITests.swift; sourceTree = "<group>"; };
		4FCCABFB1F8F1B59003F9712 /* Info.plist */ = {isa = PBXFileReference; lastKnownFileType = text.plist.xml; path = Info.plist; sourceTree = "<group>"; };
/* End PBXFileReference section */

/* Begin PBXFrameworksBuildPhase section */
		4FCCABD31F8F1B58003F9712 /* Frameworks */ = {
			isa = PBXFrameworksBuildPhase;
			buildActionMask = 2147483647;
			files = (
			);
			runOnlyForDeploymentPostprocessing = 0;
		};
		4FCCABE71F8F1B59003F9712 /* Frameworks */ = {
			isa = PBXFrameworksBuildPhase;
			buildActionMask = 2147483647;
			files = (
			);
			runOnlyForDeploymentPostprocessing = 0;
		};
		4FCCABF21F8F1B59003F9712 /* Frameworks */ = {
			isa = PBXFrameworksBuildPhase;
			buildActionMask = 2147483647;
			files = (
			);
			runOnlyForDeploymentPostprocessing = 0;
		};
/* End PBXFrameworksBuildPhase section */

/* Begin PBXGroup section */
		4FCCABCD1F8F1B58003F9712 = {
			isa = PBXGroup;
			children = (
				4FCCABD81F8F1B58003F9712 /* RealmDemo */,
				4FCCABED1F8F1B59003F9712 /* RealmDemoTests */,
				4FCCABF81F8F1B59003F9712 /* RealmDemoUITests */,
				4FCCABD71F8F1B58003F9712 /* Products */,
			);
			sourceTree = "<group>";
		};
		4FCCABD71F8F1B58003F9712 /* Products */ = {
			isa = PBXGroup;
			children = (
				4FCCABD61F8F1B58003F9712 /* RealmDemo.app */,
				4FCCABEA1F8F1B59003F9712 /* RealmDemoTests.xctest */,
				4FCCABF51F8F1B59003F9712 /* RealmDemoUITests.xctest */,
			);
			name = Products;
			sourceTree = "<group>";
		};
		4FCCABD81F8F1B58003F9712 /* RealmDemo */ = {
			isa = PBXGroup;
			children = (
				4FCCABD91F8F1B58003F9712 /* AppDelegate.swift */,
				4FCCABDB1F8F1B58003F9712 /* ViewController.swift */,
				4FCCABDD1F8F1B58003F9712 /* Main.storyboard */,
				4FCCABE01F8F1B58003F9712 /* Assets.xcassets */,
				4FCCABE21F8F1B58003F9712 /* LaunchScreen.storyboard */,
				4FCCABE51F8F1B58003F9712 /* Info.plist */,
			);
			path = RealmDemo;
			sourceTree = "<group>";
		};
		4FCCABED1F8F1B59003F9712 /* RealmDemoTests */ = {
			isa = PBXGroup;
			children = (
				4FCCABEE1F8F1B59003F9712 /* RealmDemoTests.swift */,
				4FCCABF01F8F1B59003F9712 /* Info.plist */,
			);
			path = RealmDemoTests;
			sourceTree = "<group>";
		};
		4FCCABF81F8F1B59003F9712 /* RealmDemoUITests */ = {
			isa = PBXGroup;
			children = (
				4FCCABF91F8F1B59003F9712 /* RealmDemoUITests.swift */,
				4FCCABFB1F8F1B59003F9712 /* Info.plist */,
			);
			path = RealmDemoUITests;
			sourceTree = "<group>";
		};
/* End PBXGroup section */

/* Begin PBXNativeTarget section */
		4FCCABD51F8F1B58003F9712 /* RealmDemo */ = {
			isa = PBXNativeTarget;
			buildConfigurationList = 4FCCABFE1F8F1B59003F9712 /* Build configuration list for PBXNativeTarget "RealmDemo" */;
			buildPhases = (
				4FCCABD21F8F1B58003F9712 /* Sources */,
				4FCCABD31F8F1B58003F9712 /* Frameworks */,
				4FCCABD41F8F1B58003F9712 /* Resources */,
			);
			buildRules = (
			);
			dependencies = (
			);
			name = RealmDemo;
			productName = RealmDemo;
			productReference = 4FCCABD61F8F1B58003F9712 /* RealmDemo.app */;
			productType = "com.apple.product-type.application";
		};
		4FCCABE91F8F1B59003F9712 /* RealmDemoTests */ = {
			isa = PBXNativeTarget;
			buildConfigurationList = 4FCCAC011F8F1B59003F9712 /* Build configuration list for PBXNativeTarget "RealmDemoTests" */;
			buildPhases = (
				4FCCABE61F8F1B59003F9712 /* Sources */,
				4FCCABE71F8F1B59003F9712 /* Frameworks */,
				4FCCABE81F8F1B59003F9712 /* Resources */,
			);
			buildRules = (
			);
			dependencies = (
				4FCCABEC1F8F1B59003F9712 /* PBXTargetDependency */,
			);
			name = RealmDemoTests;
			productName = RealmDemoTests;
			productReference = 4FCCABEA1F8F1B59003F9712 /* RealmDemoTests.xctest */;
			productType = "com.apple.product-type.bundle.unit-test";
		};
		4FCCABF41F8F1B59003F9712 /* RealmDemoUITests */ = {
			isa = PBXNativeTarget;
			buildConfigurationList = 4FCCAC041F8F1B59003F9712 /* Build configuration list for PBXNativeTarget "RealmDemoUITests" */;
			buildPhases = (
				4FCCABF11F8F1B59003F9712 /* Sources */,
				4FCCABF21F8F1B59003F9712 /* Frameworks */,
				4FCCABF31F8F1B59003F9712 /* Resources */,
			);
			buildRules = (
			);
			dependencies = (
				4FCCABF71F8F1B59003F9712 /* PBXTargetDependency */,
			);
			name = RealmDemoUITests;
			productName = RealmDemoUITests;
			productReference = 4FCCABF51F8F1B59003F9712 /* RealmDemoUITests.xctest */;
			productType = "com.apple.product-type.bundle.ui-testing";
		};
/* End PBXNativeTarget section */

/* Begin PBXProject section */
		4FCCABCE1F8F1B58003F9712 /* Project object */ = {
			isa = PBXProject;
			attributes = {
				LastSwiftUpdateCheck = 0900;
				LastUpgradeCheck = 0900;
				ORGANIZATIONNAME = pari;
				TargetAttributes = {
					4FCCABD51F8F1B58003F9712 = {
						CreatedOnToolsVersion = 9.0;
						ProvisioningStyle = Automatic;
					};
					4FCCABE91F8F1B59003F9712 = {
						CreatedOnToolsVersion = 9.0;
						ProvisioningStyle = Automatic;
						TestTargetID = 4FCCABD51F8F1B58003F9712;
					};
					4FCCABF41F8F1B59003F9712 = {
						CreatedOnToolsVersion = 9.0;
						ProvisioningStyle = Automatic;
						TestTargetID = 4FCCABD51F8F1B58003F9712;
					};
				};
			};
			buildConfigurationList = 4FCCABD11F8F1B58003F9712 /* Build configuration list for PBXProject "RealmDemo" */;
			compatibilityVersion = "Xcode 8.0";
			developmentRegion = en;
			hasScannedForEncodings = 0;
			knownRegions = (
				en,
				Base,
			);
			mainGroup = 4FCCABCD1F8F1B58003F9712;
			productRefGroup = 4FCCABD71F8F1B58003F9712 /* Products */;
			projectDirPath = "";
			projectRoot = "";
			targets = (
				4FCCABD51F8F1B58003F9712 /* RealmDemo */,
				4FCCABE91F8F1B59003F9712 /* RealmDemoTests */,
				4FCCABF41F8F1B59003F9712 /* RealmDemoUITests */,
			);
		};
/* End PBXProject section */

/* Begin PBXResourcesBuildPhase section */
		4FCCABD41F8F1B58003F9712 /* Resources */ = {
			isa = PBXResourcesBuildPhase;
			buildActionMask = 2147483647;
			files = (
				4FCCABE41F8F1B58003F9712 /* LaunchScreen.storyboard in Resources */,
				4FCCABE11F8F1B58003F9712 /* Assets.xcassets in Resources */,
				4FCCABDF1F8F1B58003F9712 /* Main.storyboard in Resources */,
			);
			runOnlyForDeploymentPostprocessing = 0;
		};
		4FCCABE81F8F1B59003F9712 /* Resources */ = {
			isa = PBXResourcesBuildPhase;
			buildActionMask = 2147483647;
			files = (
			);
			runOnlyForDeploymentPostprocessing = 0;
		};
		4FCCABF31F8F1B59003F9712 /* Resources */ = {
			isa = PBXResourcesBuildPhase;
			buildActionMask = 2147483647;
			files = (
			);
			runOnlyForDeploymentPostprocessing = 0;
		};
/* End PBXResourcesBuildPhase section */

/* Begin PBXSourcesBuildPhase section */
		4FCCABD21F8F1B58003F9712 /* Sources */ = {
			isa = PBXSourcesBuildPhase;
			buildActionMask = 2147483647;
			files = (
				4FCCABDC1F8F1B58003F9712 /* ViewController.swift in Sources */,
				4FCCABDA1F8F1B58003F9712 /* AppDelegate.swift in Sources */,
			);
			runOnlyForDeploymentPostprocessing = 0;
		};
		4FCCABE61F8F1B59003F9712 /* Sources */ = {
			isa = PBXSourcesBuildPhase;
			buildActionMask = 2147483647;
			files = (
				4FCCABEF1F8F1B59003F9712 /* RealmDemoTests.swift in Sources */,
			);
			runOnlyForDeploymentPostprocessing = 0;
		};
		4FCCABF11F8F1B59003F9712 /* Sources */ = {
			isa = PBXSourcesBuildPhase;
			buildActionMask = 2147483647;
			files = (
				4FCCABFA1F8F1B59003F9712 /* RealmDemoUITests.swift in Sources */,
			);
			runOnlyForDeploymentPostprocessing = 0;
		};
/* End PBXSourcesBuildPhase section */

/* Begin PBXTargetDependency section */
		4FCCABEC1F8F1B59003F9712 /* PBXTargetDependency */ = {
			isa = PBXTargetDependency;
			target = 4FCCABD51F8F1B58003F9712 /* RealmDemo */;
			targetProxy = 4FCCABEB1F8F1B59003F9712 /* PBXContainerItemProxy */;
		};
		4FCCABF71F8F1B59003F9712 /* PBXTargetDependency */ = {
			isa = PBXTargetDependency;
			target = 4FCCABD51F8F1B58003F9712 /* RealmDemo */;
			targetProxy = 4FCCABF61F8F1B59003F9712 /* PBXContainerItemProxy */;
		};
/* End PBXTargetDependency section */

/* Begin PBXVariantGroup section */
		4FCCABDD1F8F1B58003F9712 /* Main.storyboard */ = {
			isa = PBXVariantGroup;
			children = (
				4FCCABDE1F8F1B58003F9712 /* Base */,
			);
			name = Main.storyboard;
			sourceTree = "<group>";
		};
		4FCCABE21F8F1B58003F9712 /* LaunchScreen.storyboard */ = {
			isa = PBXVariantGroup;
			children = (
				4FCCABE31F8F1B58003F9712 /* Base */,
			);
			name = LaunchScreen.storyboard;
			sourceTree = "<group>";
		};
/* End PBXVariantGroup section */

/* Begin XCBuildConfiguration section */
		4FCCABFC1F8F1B59003F9712 /* Debug */ = {
			isa = XCBuildConfiguration;
			buildSettings = {
				ALWAYS_SEARCH_USER_PATHS = NO;
				CLANG_ANALYZER_NONNULL = YES;
				CLANG_ANALYZER_NUMBER_OBJECT_CONVERSION = YES_AGGRESSIVE;
				CLANG_CXX_LANGUAGE_STANDARD = "gnu++14";
				CLANG_CXX_LIBRARY = "libc++";
				CLANG_ENABLE_MODULES = YES;
				CLANG_ENABLE_OBJC_ARC = YES;
				CLANG_WARN_BLOCK_CAPTURE_AUTORELEASING = YES;
				CLANG_WARN_BOOL_CONVERSION = YES;
				CLANG_WARN_COMMA = YES;
				CLANG_WARN_CONSTANT_CONVERSION = YES;
				CLANG_WARN_DIRECT_OBJC_ISA_USAGE = YES_ERROR;
				CLANG_WARN_DOCUMENTATION_COMMENTS = YES;
				CLANG_WARN_EMPTY_BODY = YES;
				CLANG_WARN_ENUM_CONVERSION = YES;
				CLANG_WARN_INFINITE_RECURSION = YES;
				CLANG_WARN_INT_CONVERSION = YES;
				CLANG_WARN_NON_LITERAL_NULL_CONVERSION = YES;
				CLANG_WARN_OBJC_LITERAL_CONVERSION = YES;
				CLANG_WARN_OBJC_ROOT_CLASS = YES_ERROR;
				CLANG_WARN_RANGE_LOOP_ANALYSIS = YES;
				CLANG_WARN_STRICT_PROTOTYPES = YES;
				CLANG_WARN_SUSPICIOUS_MOVE = YES;
				CLANG_WARN_UNGUARDED_AVAILABILITY = YES_AGGRESSIVE;
				CLANG_WARN_UNREACHABLE_CODE = YES;
				CLANG_WARN__DUPLICATE_METHOD_MATCH = YES;
				CODE_SIGN_IDENTITY = "iPhone Developer";
				COPY_PHASE_STRIP = NO;
				DEBUG_INFORMATION_FORMAT = dwarf;
				ENABLE_STRICT_OBJC_MSGSEND = YES;
				ENABLE_TESTABILITY = YES;
				GCC_C_LANGUAGE_STANDARD = gnu11;
				GCC_DYNAMIC_NO_PIC = NO;
				GCC_NO_COMMON_BLOCKS = YES;
				GCC_OPTIMIZATION_LEVEL = 0;
				GCC_PREPROCESSOR_DEFINITIONS = (
					"DEBUG=1",
					"$(inherited)",
				);
				GCC_WARN_64_TO_32_BIT_CONVERSION = YES;
				GCC_WARN_ABOUT_RETURN_TYPE = YES_ERROR;
				GCC_WARN_UNDECLARED_SELECTOR = YES;
				GCC_WARN_UNINITIALIZED_AUTOS = YES_AGGRESSIVE;
				GCC_WARN_UNUSED_FUNCTION = YES;
				GCC_WARN_UNUSED_VARIABLE = YES;
				IPHONEOS_DEPLOYMENT_TARGET = 11.0;
				MTL_ENABLE_DEBUG_INFO = YES;
				ONLY_ACTIVE_ARCH = YES;
				SDKROOT = iphoneos;
				SWIFT_ACTIVE_COMPILATION_CONDITIONS = DEBUG;
				SWIFT_OPTIMIZATION_LEVEL = "-Onone";
			};
			name = Debug;
		};
		4FCCABFD1F8F1B59003F9712 /* Release */ = {
			isa = XCBuildConfiguration;
			buildSettings = {
				ALWAYS_SEARCH_USER_PATHS = NO;
				CLANG_ANALYZER_NONNULL = YES;
				CLANG_ANALYZER_NUMBER_OBJECT_CONVERSION = YES_AGGRESSIVE;
				CLANG_CXX_LANGUAGE_STANDARD = "gnu++14";
				CLANG_CXX_LIBRARY = "libc++";
				CLANG_ENABLE_MODULES = YES;
				CLANG_ENABLE_OBJC_ARC = YES;
				CLANG_WARN_BLOCK_CAPTURE_AUTORELEASING = YES;
				CLANG_WARN_BOOL_CONVERSION = YES;
				CLANG_WARN_COMMA = YES;
				CLANG_WARN_CONSTANT_CONVERSION = YES;
				CLANG_WARN_DIRECT_OBJC_ISA_USAGE = YES_ERROR;
				CLANG_WARN_DOCUMENTATION_COMMENTS = YES;
				CLANG_WARN_EMPTY_BODY = YES;
				CLANG_WARN_ENUM_CONVERSION = YES;
				CLANG_WARN_INFINITE_RECURSION = YES;
				CLANG_WARN_INT_CONVERSION = YES;
				CLANG_WARN_NON_LITERAL_NULL_CONVERSION = YES;
				CLANG_WARN_OBJC_LITERAL_CONVERSION = YES;
				CLANG_WARN_OBJC_ROOT_CLASS = YES_ERROR;
				CLANG_WARN_RANGE_LOOP_ANALYSIS = YES;
				CLANG_WARN_STRICT_PROTOTYPES = YES;
				CLANG_WARN_SUSPICIOUS_MOVE = YES;
				CLANG_WARN_UNGUARDED_AVAILABILITY = YES_AGGRESSIVE;
				CLANG_WARN_UNREACHABLE_CODE = YES;
				CLANG_WARN__DUPLICATE_METHOD_MATCH = YES;
				CODE_SIGN_IDENTITY = "iPhone Developer";
				COPY_PHASE_STRIP = NO;
				DEBUG_INFORMATION_FORMAT = "dwarf-with-dsym";
				ENABLE_NS_ASSERTIONS = NO;
				ENABLE_STRICT_OBJC_MSGSEND = YES;
				GCC_C_LANGUAGE_STANDARD = gnu11;
				GCC_NO_COMMON_BLOCKS = YES;
				GCC_WARN_64_TO_32_BIT_CONVERSION = YES;
				GCC_WARN_ABOUT_RETURN_TYPE = YES_ERROR;
				GCC_WARN_UNDECLARED_SELECTOR = YES;
				GCC_WARN_UNINITIALIZED_AUTOS = YES_AGGRESSIVE;
				GCC_WARN_UNUSED_FUNCTION = YES;
				GCC_WARN_UNUSED_VARIABLE = YES;
				IPHONEOS_DEPLOYMENT_TARGET = 11.0;
				MTL_ENABLE_DEBUG_INFO = NO;
				SDKROOT = iphoneos;
				SWIFT_OPTIMIZATION_LEVEL = "-Owholemodule";
				VALIDATE_PRODUCT = YES;
			};
			name = Release;
		};
		4FCCABFF1F8F1B59003F9712 /* Debug */ = {
			isa = XCBuildConfiguration;
			buildSettings = {
				ASSETCATALOG_COMPILER_APPICON_NAME = AppIcon;
				CODE_SIGN_STYLE = Automatic;
				DEVELOPMENT_TEAM = Q6S3V4W94U;
				INFOPLIST_FILE = RealmDemo/Info.plist;
				LD_RUNPATH_SEARCH_PATHS = "$(inherited) @executable_path/Frameworks";
				PRODUCT_BUNDLE_IDENTIFIER = com.pari.RealmDemo;
				PRODUCT_NAME = "$(TARGET_NAME)";
				SWIFT_VERSION = 4.0;
				TARGETED_DEVICE_FAMILY = "1,2";
			};
			name = Debug;
		};
		4FCCAC001F8F1B59003F9712 /* Release */ = {
			isa = XCBuildConfiguration;
			buildSettings = {
				ASSETCATALOG_COMPILER_APPICON_NAME = AppIcon;
				CODE_SIGN_STYLE = Automatic;
				DEVELOPMENT_TEAM = Q6S3V4W94U;
				INFOPLIST_FILE = RealmDemo/Info.plist;
				LD_RUNPATH_SEARCH_PATHS = "$(inherited) @executable_path/Frameworks";
				PRODUCT_BUNDLE_IDENTIFIER = com.pari.RealmDemo;
				PRODUCT_NAME = "$(TARGET_NAME)";
				SWIFT_VERSION = 4.0;
				TARGETED_DEVICE_FAMILY = "1,2";
			};
			name = Release;
		};
		4FCCAC021F8F1B59003F9712 /* Debug */ = {
			isa = XCBuildConfiguration;
			buildSettings = {
				ALWAYS_EMBED_SWIFT_STANDARD_LIBRARIES = YES;
				BUNDLE_LOADER = "$(TEST_HOST)";
				CODE_SIGN_STYLE = Automatic;
				DEVELOPMENT_TEAM = Q6S3V4W94U;
				INFOPLIST_FILE = RealmDemoTests/Info.plist;
				LD_RUNPATH_SEARCH_PATHS = "$(inherited) @executable_path/Frameworks @loader_path/Frameworks";
				PRODUCT_BUNDLE_IDENTIFIER = com.pari.RealmDemoTests;
				PRODUCT_NAME = "$(TARGET_NAME)";
				SWIFT_VERSION = 4.0;
				TARGETED_DEVICE_FAMILY = "1,2";
				TEST_HOST = "$(BUILT_PRODUCTS_DIR)/RealmDemo.app/RealmDemo";
			};
			name = Debug;
		};
		4FCCAC031F8F1B59003F9712 /* Release */ = {
			isa = XCBuildConfiguration;
			buildSettings = {
				ALWAYS_EMBED_SWIFT_STANDARD_LIBRARIES = YES;
				BUNDLE_LOADER = "$(TEST_HOST)";
				CODE_SIGN_STYLE = Automatic;
				DEVELOPMENT_TEAM = Q6S3V4W94U;
				INFOPLIST_FILE = RealmDemoTests/Info.plist;
				LD_RUNPATH_SEARCH_PATHS = "$(inherited) @executable_path/Frameworks @loader_path/Frameworks";
				PRODUCT_BUNDLE_IDENTIFIER = com.pari.RealmDemoTests;
				PRODUCT_NAME = "$(TARGET_NAME)";
				SWIFT_VERSION = 4.0;
				TARGETED_DEVICE_FAMILY = "1,2";
				TEST_HOST = "$(BUILT_PRODUCTS_DIR)/RealmDemo.app/RealmDemo";
			};
			name = Release;
		};
		4FCCAC051F8F1B59003F9712 /* Debug */ = {
			isa = XCBuildConfiguration;
			buildSettings = {
				ALWAYS_EMBED_SWIFT_STANDARD_LIBRARIES = YES;
				CODE_SIGN_STYLE = Automatic;
				DEVELOPMENT_TEAM = Q6S3V4W94U;
				INFOPLIST_FILE = RealmDemoUITests/Info.plist;
				LD_RUNPATH_SEARCH_PATHS = "$(inherited) @executable_path/Frameworks @loader_path/Frameworks";
				PRODUCT_BUNDLE_IDENTIFIER = com.pari.RealmDemoUITests;
				PRODUCT_NAME = "$(TARGET_NAME)";
				SWIFT_VERSION = 4.0;
				TARGETED_DEVICE_FAMILY = "1,2";
				TEST_TARGET_NAME = RealmDemo;
			};
			name = Debug;
		};
		4FCCAC061F8F1B59003F9712 /* Release */ = {
			isa = XCBuildConfiguration;
			buildSettings = {
				ALWAYS_EMBED_SWIFT_STANDARD_LIBRARIES = YES;
				CODE_SIGN_STYLE = Automatic;
				DEVELOPMENT_TEAM = Q6S3V4W94U;
				INFOPLIST_FILE = RealmDemoUITests/Info.plist;
				LD_RUNPATH_SEARCH_PATHS = "$(inherited) @executable_path/Frameworks @loader_path/Frameworks";
				PRODUCT_BUNDLE_IDENTIFIER = com.pari.RealmDemoUITests;
				PRODUCT_NAME = "$(TARGET_NAME)";
				SWIFT_VERSION = 4.0;
				TARGETED_DEVICE_FAMILY = "1,2";
				TEST_TARGET_NAME = RealmDemo;
			};
			name = Release;
		};
/* End XCBuildConfiguration section */

/* Begin XCConfigurationList section */
		4FCCABD11F8F1B58003F9712 /* Build configuration list for PBXProject "RealmDemo" */ = {
			isa = XCConfigurationList;
			buildConfigurations = (
				4FCCABFC1F8F1B59003F9712 /* Debug */,
				4FCCABFD1F8F1B59003F9712 /* Release */,
			);
			defaultConfigurationIsVisible = 0;
			defaultConfigurationName = Release;
		};
		4FCCABFE1F8F1B59003F9712 /* Build configuration list for PBXNativeTarget "RealmDemo" */ = {
			isa = XCConfigurationList;
			buildConfigurations = (
				4FCCABFF1F8F1B59003F9712 /* Debug */,
				4FCCAC001F8F1B59003F9712 /* Release */,
			);
			defaultConfigurationIsVisible = 0;
			defaultConfigurationName = Release;
		};
		4FCCAC011F8F1B59003F9712 /* Build configuration list for PBXNativeTarget "RealmDemoTests" */ = {
			isa = XCConfigurationList;
			buildConfigurations = (
				4FCCAC021F8F1B59003F9712 /* Debug */,
				4FCCAC031F8F1B59003F9712 /* Release */,
			);
			defaultConfigurationIsVisible = 0;
			defaultConfigurationName = Release;
		};
		4FCCAC041F8F1B59003F9712 /* Build configuration list for PBXNativeTarget "RealmDemoUITests" */ = {
			isa = XCConfigurationList;
			buildConfigurations = (
				4FCCAC051F8F1B59003F9712 /* Debug */,
				4FCCAC061F8F1B59003F9712 /* Release */,
			);
			defaultConfigurationIsVisible = 0;
			defaultConfigurationName = Release;
		};
/* End XCConfigurationList section */
	};
	rootObject = 4FCCABCE1F8F1B58003F9712 /* Project object */;
}
